
Microsoft Visual Studio Solution File, Format Version 12.00
# Visual Studio Version 17
VisualStudioVersion = 17.14.35906.104
MinimumVisualStudioVersion = 10.0.40219.1
Project("{FAE04EC0-301F-11D3-BF4B-00C04F79EFBC}") = "PWAMP.Admin", "src\PWAMP.Admin\PWAMP.Admin.csproj", "{5EE00C4C-1062-4353-8170-E119B1F4F48E}"
EndProject
Global
	GlobalSection(SolutionConfigurationPlatforms) = preSolution
		Debug|Any CPU = Debug|Any CPU
		Release|Any CPU = Release|Any CPU
	EndGlobalSection
	GlobalSection(ProjectConfigurationPlatforms) = postSolution
		{5EE00C4C-1062-4353-8170-E119B1F4F48E}.Debug|Any CPU.ActiveCfg = Debug|Any CPU
		{5EE00C4C-1062-4353-8170-E119B1F4F48E}.Debug|Any CPU.Build.0 = Debug|Any CPU
		{5EE00C4C-1062-4353-8170-E119B1F4F48E}.Release|Any CPU.ActiveCfg = Release|Any CPU
		{5EE00C4C-1062-4353-8170-E119B1F4F48E}.Release|Any CPU.Build.0 = Release|Any CPU
	EndGlobalSection
	GlobalSection(SolutionProperties) = preSolution
		HideSolutionNode = FALSE
	EndGlobalSection
	GlobalSection(ExtensibilityGlobals) = postSolution
		SolutionGuid = {DCD96310-8D84-49C6-AA93-EAB628A5960C}
	EndGlobalSection
EndGlobal
